# This file is generated by running "yarn install" inside your project.
# Manual changes might be lost - proceed with caution!

__metadata:
  version: 6
  cacheKey: 8

"@trpc/server@npm:^10.9.1":
  version: 10.9.1
  resolution: "@trpc/server@npm:10.9.1"
  checksum: f0c45e200547c835dde924aa0b47d8d276b5744bd666b72c8909d4c226a8f9b5d3d9a1dd29362e390a2863b17dcf6d7b6e8014c0ebbcd2975063096ddaf3d49f
  languageName: node
  linkType: hard

"playground-example@workspace:.":
  version: 0.0.0-use.local
  resolution: "playground-example@workspace:."
  dependencies:
    "@trpc/server": ^10.9.1
    trpc-dev-tools: "file:.."
    typescript: ^4.9.5
  languageName: unknown
  linkType: soft

"trpc-dev-tools@file:..::locator=playground-example%40workspace%3A.":
  version: 0.1.0
  resolution: "trpc-dev-tools@file:..#..::hash=f7e085&locator=playground-example%40workspace%3A."
  bin:
    play: ./build/index.js
  checksum: c954a8d7b9a3d7dc1bb584afd409fd172479631a1b24be2c4fa943abf9ff3980ec28301d3ba410014d5367b9b943e293e4f9b7b7c586528fae83b1f4e1850200
  languageName: node
  linkType: hard

"typescript@npm:^4.9.5":
  version: 4.9.5
  resolution: "typescript@npm:4.9.5"
  bin:
    tsc: bin/tsc
    tsserver: bin/tsserver
  checksum: ee000bc26848147ad423b581bd250075662a354d84f0e06eb76d3b892328d8d4440b7487b5a83e851b12b255f55d71835b008a66cbf8f255a11e4400159237db
  languageName: node
  linkType: hard

"typescript@patch:typescript@^4.9.5#~builtin<compat/typescript>":
  version: 4.9.5
  resolution: "typescript@patch:typescript@npm%3A4.9.5#~builtin<compat/typescript>::version=4.9.5&hash=23ec76"
  bin:
    tsc: bin/tsc
    tsserver: bin/tsserver
  checksum: ab417a2f398380c90a6cf5a5f74badd17866adf57f1165617d6a551f059c3ba0a3e4da0d147b3ac5681db9ac76a303c5876394b13b3de75fdd5b1eaa06181c9d
  languageName: node
  linkType: hard
